
Microsoft Visual Studio Solution File, Format Version 12.00
# Visual Studio Version 16
VisualStudioVersion = 16.0.31025.194
MinimumVisualStudioVersion = 10.0.40219.1
Project("{9A19103F-16F7-4668-BE54-9A1E7A4F7556}") = "DobbleGame", "DobbleGame.csproj", "{754FF938-2ED9-42B8-B371-421FE4F7EB5F}"
EndProject
Project("{9A19103F-16F7-4668-BE54-9A1E7A4F7556}") = "Model", "..\Model\Model.csproj", "{3D1DBEF9-3B90-41FE-BA34-DC35279A8F54}"
EndProject
Project("{FAE04EC0-301F-11D3-BF4B-00C04F79EFBC}") = "Common", "..\Common\Common.csproj", "{23494000-AB37-44DD-9528-21ABCA947A7B}"
EndProject
Global
	GlobalSection(SolutionConfigurationPlatforms) = preSolution
		Debug|Any CPU = Debug|Any CPU
		Release|Any CPU = Release|Any CPU
	EndGlobalSection
	GlobalSection(ProjectConfigurationPlatforms) = postSolution
		{754FF938-2ED9-42B8-B371-421FE4F7EB5F}.Debug|Any CPU.ActiveCfg = Debug|Any CPU
		{754FF938-2ED9-42B8-B371-421FE4F7EB5F}.Debug|Any CPU.Build.0 = Debug|Any CPU
		{754FF938-2ED9-42B8-B371-421FE4F7EB5F}.Release|Any CPU.ActiveCfg = Release|Any CPU
		{754FF938-2ED9-42B8-B371-421FE4F7EB5F}.Release|Any CPU.Build.0 = Release|Any CPU
		{3D1DBEF9-3B90-41FE-BA34-DC35279A8F54}.Debug|Any CPU.ActiveCfg = Debug|Any CPU
		{3D1DBEF9-3B90-41FE-BA34-DC35279A8F54}.Debug|Any CPU.Build.0 = Debug|Any CPU
		{3D1DBEF9-3B90-41FE-BA34-DC35279A8F54}.Release|Any CPU.ActiveCfg = Release|Any CPU
		{3D1DBEF9-3B90-41FE-BA34-DC35279A8F54}.Release|Any CPU.Build.0 = Release|Any CPU
		{23494000-AB37-44DD-9528-21ABCA947A7B}.Debug|Any CPU.ActiveCfg = Debug|Any CPU
		{23494000-AB37-44DD-9528-21ABCA947A7B}.Debug|Any CPU.Build.0 = Debug|Any CPU
		{23494000-AB37-44DD-9528-21ABCA947A7B}.Release|Any CPU.ActiveCfg = Release|Any CPU
		{23494000-AB37-44DD-9528-21ABCA947A7B}.Release|Any CPU.Build.0 = Release|Any CPU
	EndGlobalSection
	GlobalSection(SolutionProperties) = preSolution
		HideSolutionNode = FALSE
	EndGlobalSection
	GlobalSection(ExtensibilityGlobals) = postSolution
		SolutionGuid = {58075A9F-9308-4A6D-871D-E7DA5A2B00F5}
	EndGlobalSection
EndGlobal
